
Microsoft Visual Studio Solution File, Format Version 12.00
# Visual Studio 15
VisualStudioVersion = 15.0.26730.16
MinimumVisualStudioVersion = 10.0.40219.1
Project("{9A19103F-16F7-4668-BE54-9A1E7A4F7556}") = "AngularJS4", "AngularJS4\AngularJS4.csproj", "{A16D1685-CFDB-43DE-94EC-F29C4C1BB852}"
EndProject
Project("{FAE04EC0-301F-11D3-BF4B-00C04F79EFBC}") = "Data", "Data\Data.csproj", "{F767046D-632D-455F-89AF-62B519BEA7CD}"
EndProject
Project("{FAE04EC0-301F-11D3-BF4B-00C04F79EFBC}") = "Repository", "Repository\Repository.csproj", "{2A8A044D-044D-4ED7-9414-5EB8D823AFDE}"
EndProject
Global
	GlobalSection(SolutionConfigurationPlatforms) = preSolution
		Debug|Any CPU = Debug|Any CPU
		Release|Any CPU = Release|Any CPU
	EndGlobalSection
	GlobalSection(ProjectConfigurationPlatforms) = postSolution
		{A16D1685-CFDB-43DE-94EC-F29C4C1BB852}.Debug|Any CPU.ActiveCfg = Debug|Any CPU
		{A16D1685-CFDB-43DE-94EC-F29C4C1BB852}.Debug|Any CPU.Build.0 = Debug|Any CPU
		{A16D1685-CFDB-43DE-94EC-F29C4C1BB852}.Release|Any CPU.ActiveCfg = Release|Any CPU
		{A16D1685-CFDB-43DE-94EC-F29C4C1BB852}.Release|Any CPU.Build.0 = Release|Any CPU
		{F767046D-632D-455F-89AF-62B519BEA7CD}.Debug|Any CPU.ActiveCfg = Debug|Any CPU
		{F767046D-632D-455F-89AF-62B519BEA7CD}.Debug|Any CPU.Build.0 = Debug|Any CPU
		{F767046D-632D-455F-89AF-62B519BEA7CD}.Release|Any CPU.ActiveCfg = Release|Any CPU
		{F767046D-632D-455F-89AF-62B519BEA7CD}.Release|Any CPU.Build.0 = Release|Any CPU
		{2A8A044D-044D-4ED7-9414-5EB8D823AFDE}.Debug|Any CPU.ActiveCfg = Debug|Any CPU
		{2A8A044D-044D-4ED7-9414-5EB8D823AFDE}.Debug|Any CPU.Build.0 = Debug|Any CPU
		{2A8A044D-044D-4ED7-9414-5EB8D823AFDE}.Release|Any CPU.ActiveCfg = Release|Any CPU
		{2A8A044D-044D-4ED7-9414-5EB8D823AFDE}.Release|Any CPU.Build.0 = Release|Any CPU
	EndGlobalSection
	GlobalSection(SolutionProperties) = preSolution
		HideSolutionNode = FALSE
	EndGlobalSection
	GlobalSection(ExtensibilityGlobals) = postSolution
		SolutionGuid = {83F046B8-AB71-459D-B759-3CCF30A9A38B}
	EndGlobalSection
EndGlobal
